// !$*UTF8*$!
{
	archiveVersion = 1;
	classes = {
	};
	objectVersion = 46;
	objects = {

/* Begin PBXBuildFile section */
		9EE888421D3CFC9B009808F9 /* AppDelegate.swift in Sources */ = {isa = PBXBuildFile; fileRef = 9EE888411D3CFC9B009808F9 /* AppDelegate.swift */; };
		9EE888441D3CFC9B009808F9 /* ViewController.swift in Sources */ = {isa = PBXBuildFile; fileRef = 9EE888431D3CFC9B009808F9 /* ViewController.swift */; };
		9EE888471D3CFC9B009808F9 /* Main.storyboard in Resources */ = {isa = PBXBuildFile; fileRef = 9EE888451D3CFC9B009808F9 /* Main.storyboard */; };
		9EE888491D3CFC9B009808F9 /* Assets.xcassets in Resources */ = {isa = PBXBuildFile; fileRef = 9EE888481D3CFC9B009808F9 /* Assets.xcassets */; };
		9EE8884C1D3CFC9B009808F9 /* LaunchScreen.storyboard in Resources */ = {isa = PBXBuildFile; fileRef = 9EE8884A1D3CFC9B009808F9 /* LaunchScreen.storyboard */; };
		9EE888571D3CFC9B009808F9 /* UITableVIewTests.swift in Sources */ = {isa = PBXBuildFile; fileRef = 9EE888561D3CFC9B009808F9 /* UITableVIewTests.swift */; };
/* End PBXBuildFile section */

/* Begin PBXContainerItemProxy section */
		9EE888531D3CFC9B009808F9 /* PBXContainerItemProxy */ = {
			isa = PBXContainerItemProxy;
			containerPortal = 9EE888361D3CFC9B009808F9 /* Project object */;
			proxyType = 1;
			remoteGlobalIDString = 9EE8883D1D3CFC9B009808F9;
			remoteInfo = UITableVIew;
		};
/* End PBXContainerItemProxy section */

/* Begin PBXFileReference section */
		9EE8883E1D3CFC9B009808F9 /* UITableVIew.app */ = {isa = PBXFileReference; explicitFileType = wrapper.application; includeInIndex = 0; path = UITableVIew.app; sourceTree = BUILT_PRODUCTS_DIR; };
		9EE888411D3CFC9B009808F9 /* AppDelegate.swift */ = {isa = PBXFileReference; lastKnownFileType = sourcecode.swift; path = AppDelegate.swift; sourceTree = "<group>"; };
		9EE888431D3CFC9B009808F9 /* ViewController.swift */ = {isa = PBXFileReference; lastKnownFileType = sourcecode.swift; path = ViewController.swift; sourceTree = "<group>"; };
		9EE888461D3CFC9B009808F9 /* Base */ = {isa = PBXFileReference; lastKnownFileType = file.storyboard; name = Base; path = Base.lproj/Main.storyboard; sourceTree = "<group>"; };
		9EE888481D3CFC9B009808F9 /* Assets.xcassets */ = {isa = PBXFileReference; lastKnownFileType = folder.assetcatalog; path = Assets.xcassets; sourceTree = "<group>"; };
		9EE8884B1D3CFC9B009808F9 /* Base */ = {isa = PBXFileReference; lastKnownFileType = file.storyboard; name = Base; path = Base.lproj/LaunchScreen.storyboard; sourceTree = "<group>"; };
		9EE8884D1D3CFC9B009808F9 /* Info.plist */ = {isa = PBXFileReference; lastKnownFileType = text.plist.xml; path = Info.plist; sourceTree = "<group>"; };
		9EE888521D3CFC9B009808F9 /* UITableVIewTests.xctest */ = {isa = PBXFileReference; explicitFileType = wrapper.cfbundle; includeInIndex = 0; path = UITableVIewTests.xctest; sourceTree = BUILT_PRODUCTS_DIR; };
		9EE888561D3CFC9B009808F9 /* UITableVIewTests.swift */ = {isa = PBXFileReference; lastKnownFileType = sourcecode.swift; path = UITableVIewTests.swift; sourceTree = "<group>"; };
		9EE888581D3CFC9B009808F9 /* Info.plist */ = {isa = PBXFileReference; lastKnownFileType = text.plist.xml; path = Info.plist; sourceTree = "<group>"; };
/* End PBXFileReference section */

/* Begin PBXFrameworksBuildPhase section */
		9EE8883B1D3CFC9B009808F9 /* Frameworks */ = {
			isa = PBXFrameworksBuildPhase;
			buildActionMask = 2147483647;
			files = (
			);
			runOnlyForDeploymentPostprocessing = 0;
		};
		9EE8884F1D3CFC9B009808F9 /* Frameworks */ = {
			isa = PBXFrameworksBuildPhase;
			buildActionMask = 2147483647;
			files = (
			);
			runOnlyForDeploymentPostprocessing = 0;
		};
/* End PBXFrameworksBuildPhase section */

/* Begin PBXGroup section */
		9EE888351D3CFC9B009808F9 = {
			isa = PBXGroup;
			children = (
				9EE888401D3CFC9B009808F9 /* UITableVIew */,
				9EE888551D3CFC9B009808F9 /* UITableVIewTests */,
				9EE8883F1D3CFC9B009808F9 /* Products */,
			);
			sourceTree = "<group>";
		};
		9EE8883F1D3CFC9B009808F9 /* Products */ = {
			isa = PBXGroup;
			children = (
				9EE8883E1D3CFC9B009808F9 /* UITableVIew.app */,
				9EE888521D3CFC9B009808F9 /* UITableVIewTests.xctest */,
			);
			name = Products;
			sourceTree = "<group>";
		};
		9EE888401D3CFC9B009808F9 /* UITableVIew */ = {
			isa = PBXGroup;
			children = (
				9EE888411D3CFC9B009808F9 /* AppDelegate.swift */,
				9EE888431D3CFC9B009808F9 /* ViewController.swift */,
				9EE888451D3CFC9B009808F9 /* Main.storyboard */,
				9EE888481D3CFC9B009808F9 /* Assets.xcassets */,
				9EE8884A1D3CFC9B009808F9 /* LaunchScreen.storyboard */,
				9EE8884D1D3CFC9B009808F9 /* Info.plist */,
			);
			path = UITableVIew;
			sourceTree = "<group>";
		};
		9EE888551D3CFC9B009808F9 /* UITableVIewTests */ = {
			isa = PBXGroup;
			children = (
				9EE888561D3CFC9B009808F9 /* UITableVIewTests.swift */,
				9EE888581D3CFC9B009808F9 /* Info.plist */,
			);
			path = UITableVIewTests;
			sourceTree = "<group>";
		};
/* End PBXGroup section */

/* Begin PBXNativeTarget section */
		9EE8883D1D3CFC9B009808F9 /* UITableVIew */ = {
			isa = PBXNativeTarget;
			buildConfigurationList = 9EE8885B1D3CFC9B009808F9 /* Build configuration list for PBXNativeTarget "UITableVIew" */;
			buildPhases = (
				9EE8883A1D3CFC9B009808F9 /* Sources */,
				9EE8883B1D3CFC9B009808F9 /* Frameworks */,
				9EE8883C1D3CFC9B009808F9 /* Resources */,
			);
			buildRules = (
			);
			dependencies = (
			);
			name = UITableVIew;
			productName = UITableVIew;
			productReference = 9EE8883E1D3CFC9B009808F9 /* UITableVIew.app */;
			productType = "com.apple.product-type.application";
		};
		9EE888511D3CFC9B009808F9 /* UITableVIewTests */ = {
			isa = PBXNativeTarget;
			buildConfigurationList = 9EE8885E1D3CFC9B009808F9 /* Build configuration list for PBXNativeTarget "UITableVIewTests" */;
			buildPhases = (
				9EE8884E1D3CFC9B009808F9 /* Sources */,
				9EE8884F1D3CFC9B009808F9 /* Frameworks */,
				9EE888501D3CFC9B009808F9 /* Resources */,
			);
			buildRules = (
			);
			dependencies = (
				9EE888541D3CFC9B009808F9 /* PBXTargetDependency */,
			);
			name = UITableVIewTests;
			productName = UITableVIewTests;
			productReference = 9EE888521D3CFC9B009808F9 /* UITableVIewTests.xctest */;
			productType = "com.apple.product-type.bundle.unit-test";
		};
/* End PBXNativeTarget section */

/* Begin PBXProject section */
		9EE888361D3CFC9B009808F9 /* Project object */ = {
			isa = PBXProject;
			attributes = {
				LastSwiftUpdateCheck = 0730;
				LastUpgradeCheck = 0730;
				ORGANIZATIONNAME = "Ainor Syahrizal";
				TargetAttributes = {
					9EE8883D1D3CFC9B009808F9 = {
						CreatedOnToolsVersion = 7.3.1;
					};
					9EE888511D3CFC9B009808F9 = {
						CreatedOnToolsVersion = 7.3.1;
						TestTargetID = 9EE8883D1D3CFC9B009808F9;
					};
				};
			};
			buildConfigurationList = 9EE888391D3CFC9B009808F9 /* Build configuration list for PBXProject "UITableVIew" */;
			compatibilityVersion = "Xcode 3.2";
			developmentRegion = English;
			hasScannedForEncodings = 0;
			knownRegions = (
				en,
				Base,
			);
			mainGroup = 9EE888351D3CFC9B009808F9;
			productRefGroup = 9EE8883F1D3CFC9B009808F9 /* Products */;
			projectDirPath = "";
			projectRoot = "";
			targets = (
				9EE8883D1D3CFC9B009808F9 /* UITableVIew */,
				9EE888511D3CFC9B009808F9 /* UITableVIewTests */,
			);
		};
/* End PBXProject section */

/* Begin PBXResourcesBuildPhase section */
		9EE8883C1D3CFC9B009808F9 /* Resources */ = {
			isa = PBXResourcesBuildPhase;
			buildActionMask = 2147483647;
			files = (
				9EE8884C1D3CFC9B009808F9 /* LaunchScreen.storyboard in Resources */,
				9EE888491D3CFC9B009808F9 /* Assets.xcassets in Resources */,
				9EE888471D3CFC9B009808F9 /* Main.storyboard in Resources */,
			);
			runOnlyForDeploymentPostprocessing = 0;
		};
		9EE888501D3CFC9B009808F9 /* Resources */ = {
			isa = PBXResourcesBuildPhase;
			buildActionMask = 2147483647;
			files = (
			);
			runOnlyForDeploymentPostprocessing = 0;
		};
/* End PBXResourcesBuildPhase section */

/* Begin PBXSourcesBuildPhase section */
		9EE8883A1D3CFC9B009808F9 /* Sources */ = {
			isa = PBXSourcesBuildPhase;
			buildActionMask = 2147483647;
			files = (
				9EE888441D3CFC9B009808F9 /* ViewController.swift in Sources */,
				9EE888421D3CFC9B009808F9 /* AppDelegate.swift in Sources */,
			);
			runOnlyForDeploymentPostprocessing = 0;
		};
		9EE8884E1D3CFC9B009808F9 /* Sources */ = {
			isa = PBXSourcesBuildPhase;
			buildActionMask = 2147483647;
			files = (
				9EE888571D3CFC9B009808F9 /* UITableVIewTests.swift in Sources */,
			);
			runOnlyForDeploymentPostprocessing = 0;
		};
/* End PBXSourcesBuildPhase section */

/* Begin PBXTargetDependency section */
		9EE888541D3CFC9B009808F9 /* PBXTargetDependency */ = {
			isa = PBXTargetDependency;
			target = 9EE8883D1D3CFC9B009808F9 /* UITableVIew */;
			targetProxy = 9EE888531D3CFC9B009808F9 /* PBXContainerItemProxy */;
		};
/* End PBXTargetDependency section */

/* Begin PBXVariantGroup section */
		9EE888451D3CFC9B009808F9 /* Main.storyboard */ = {
			isa = PBXVariantGroup;
			children = (
				9EE888461D3CFC9B009808F9 /* Base */,
			);
			name = Main.storyboard;
			sourceTree = "<group>";
		};
		9EE8884A1D3CFC9B009808F9 /* LaunchScreen.storyboard */ = {
			isa = PBXVariantGroup;
			children = (
				9EE8884B1D3CFC9B009808F9 /* Base */,
			);
			name = LaunchScreen.storyboard;
			sourceTree = "<group>";
		};
/* End PBXVariantGroup section */

/* Begin XCBuildConfiguration section */
		9EE888591D3CFC9B009808F9 /* Debug */ = {
			isa = XCBuildConfiguration;
			buildSettings = {
				ALWAYS_SEARCH_USER_PATHS = NO;
				CLANG_ANALYZER_NONNULL = YES;
				CLANG_CXX_LANGUAGE_STANDARD = "gnu++0x";
				CLANG_CXX_LIBRARY = "libc++";
				CLANG_ENABLE_MODULES = YES;
				CLANG_ENABLE_OBJC_ARC = YES;
				CLANG_WARN_BOOL_CONVERSION = YES;
				CLANG_WARN_CONSTANT_CONVERSION = YES;
				CLANG_WARN_DIRECT_OBJC_ISA_USAGE = YES_ERROR;
				CLANG_WARN_EMPTY_BODY = YES;
				CLANG_WARN_ENUM_CONVERSION = YES;
				CLANG_WARN_INT_CONVERSION = YES;
				CLANG_WARN_OBJC_ROOT_CLASS = YES_ERROR;
				CLANG_WARN_UNREACHABLE_CODE = YES;
				CLANG_WARN__DUPLICATE_METHOD_MATCH = YES;
				"CODE_SIGN_IDENTITY[sdk=iphoneos*]" = "iPhone Developer";
				COPY_PHASE_STRIP = NO;
				DEBUG_INFORMATION_FORMAT = dwarf;
				ENABLE_STRICT_OBJC_MSGSEND = YES;
				ENABLE_TESTABILITY = YES;
				GCC_C_LANGUAGE_STANDARD = gnu99;
				GCC_DYNAMIC_NO_PIC = NO;
				GCC_NO_COMMON_BLOCKS = YES;
				GCC_OPTIMIZATION_LEVEL = 0;
				GCC_PREPROCESSOR_DEFINITIONS = (
					"DEBUG=1",
					"$(inherited)",
				);
				GCC_WARN_64_TO_32_BIT_CONVERSION = YES;
				GCC_WARN_ABOUT_RETURN_TYPE = YES_ERROR;
				GCC_WARN_UNDECLARED_SELECTOR = YES;
				GCC_WARN_UNINITIALIZED_AUTOS = YES_AGGRESSIVE;
				GCC_WARN_UNUSED_FUNCTION = YES;
				GCC_WARN_UNUSED_VARIABLE = YES;
				IPHONEOS_DEPLOYMENT_TARGET = 9.3;
				MTL_ENABLE_DEBUG_INFO = YES;
				ONLY_ACTIVE_ARCH = YES;
				SDKROOT = iphoneos;
				SWIFT_OPTIMIZATION_LEVEL = "-Onone";
				TARGETED_DEVICE_FAMILY = "1,2";
			};
			name = Debug;
		};
		9EE8885A1D3CFC9B009808F9 /* Release */ = {
			isa = XCBuildConfiguration;
			buildSettings = {
				ALWAYS_SEARCH_USER_PATHS = NO;
				CLANG_ANALYZER_NONNULL = YES;
				CLANG_CXX_LANGUAGE_STANDARD = "gnu++0x";
				CLANG_CXX_LIBRARY = "libc++";
				CLANG_ENABLE_MODULES = YES;
				CLANG_ENABLE_OBJC_ARC = YES;
				CLANG_WARN_BOOL_CONVERSION = YES;
				CLANG_WARN_CONSTANT_CONVERSION = YES;
				CLANG_WARN_DIRECT_OBJC_ISA_USAGE = YES_ERROR;
				CLANG_WARN_EMPTY_BODY = YES;
				CLANG_WARN_ENUM_CONVERSION = YES;
				CLANG_WARN_INT_CONVERSION = YES;
				CLANG_WARN_OBJC_ROOT_CLASS = YES_ERROR;
				CLANG_WARN_UNREACHABLE_CODE = YES;
				CLANG_WARN__DUPLICATE_METHOD_MATCH = YES;
				"CODE_SIGN_IDENTITY[sdk=iphoneos*]" = "iPhone Developer";
				COPY_PHASE_STRIP = NO;
				DEBUG_INFORMATION_FORMAT = "dwarf-with-dsym";
				ENABLE_NS_ASSERTIONS = NO;
				ENABLE_STRICT_OBJC_MSGSEND = YES;
				GCC_C_LANGUAGE_STANDARD = gnu99;
				GCC_NO_COMMON_BLOCKS = YES;
				GCC_WARN_64_TO_32_BIT_CONVERSION = YES;
				GCC_WARN_ABOUT_RETURN_TYPE = YES_ERROR;
				GCC_WARN_UNDECLARED_SELECTOR = YES;
				GCC_WARN_UNINITIALIZED_AUTOS = YES_AGGRESSIVE;
				GCC_WARN_UNUSED_FUNCTION = YES;
				GCC_WARN_UNUSED_VARIABLE = YES;
				IPHONEOS_DEPLOYMENT_TARGET = 9.3;
				MTL_ENABLE_DEBUG_INFO = NO;
				SDKROOT = iphoneos;
				TARGETED_DEVICE_FAMILY = "1,2";
				VALIDATE_PRODUCT = YES;
			};
			name = Release;
		};
		9EE8885C1D3CFC9B009808F9 /* Debug */ = {
			isa = XCBuildConfiguration;
			buildSettings = {
				ASSETCATALOG_COMPILER_APPICON_NAME = AppIcon;
				INFOPLIST_FILE = UITableVIew/Info.plist;
				LD_RUNPATH_SEARCH_PATHS = "$(inherited) @executable_path/Frameworks";
				PRODUCT_BUNDLE_IDENTIFIER = com.ainortech.UITableVIew;
				PRODUCT_NAME = "$(TARGET_NAME)";
			};
			name = Debug;
		};
		9EE8885D1D3CFC9B009808F9 /* Release */ = {
			isa = XCBuildConfiguration;
			buildSettings = {
				ASSETCATALOG_COMPILER_APPICON_NAME = AppIcon;
				INFOPLIST_FILE = UITableVIew/Info.plist;
				LD_RUNPATH_SEARCH_PATHS = "$(inherited) @executable_path/Frameworks";
				PRODUCT_BUNDLE_IDENTIFIER = com.ainortech.UITableVIew;
				PRODUCT_NAME = "$(TARGET_NAME)";
			};
			name = Release;
		};
		9EE8885F1D3CFC9B009808F9 /* Debug */ = {
			isa = XCBuildConfiguration;
			buildSettings = {
				BUNDLE_LOADER = "$(TEST_HOST)";
				INFOPLIST_FILE = UITableVIewTests/Info.plist;
				LD_RUNPATH_SEARCH_PATHS = "$(inherited) @executable_path/Frameworks @loader_path/Frameworks";
				PRODUCT_BUNDLE_IDENTIFIER = com.ainortech.UITableVIewTests;
				PRODUCT_NAME = "$(TARGET_NAME)";
				TEST_HOST = "$(BUILT_PRODUCTS_DIR)/UITableVIew.app/UITableVIew";
			};
			name = Debug;
		};
		9EE888601D3CFC9B009808F9 /* Release */ = {
			isa = XCBuildConfiguration;
			buildSettings = {
				BUNDLE_LOADER = "$(TEST_HOST)";
				INFOPLIST_FILE = UITableVIewTests/Info.plist;
				LD_RUNPATH_SEARCH_PATHS = "$(inherited) @executable_path/Frameworks @loader_path/Frameworks";
				PRODUCT_BUNDLE_IDENTIFIER = com.ainortech.UITableVIewTests;
				PRODUCT_NAME = "$(TARGET_NAME)";
				TEST_HOST = "$(BUILT_PRODUCTS_DIR)/UITableVIew.app/UITableVIew";
			};
			name = Release;
		};
/* End XCBuildConfiguration section */

/* Begin XCConfigurationList section */
		9EE888391D3CFC9B009808F9 /* Build configuration list for PBXProject "UITableVIew" */ = {
			isa = XCConfigurationList;
			buildConfigurations = (
				9EE888591D3CFC9B009808F9 /* Debug */,
				9EE8885A1D3CFC9B009808F9 /* Release */,
			);
			defaultConfigurationIsVisible = 0;
			defaultConfigurationName = Release;
		};
		9EE8885B1D3CFC9B009808F9 /* Build configuration list for PBXNativeTarget "UITableVIew" */ = {
			isa = XCConfigurationList;
			buildConfigurations = (
				9EE8885C1D3CFC9B009808F9 /* Debug */,
				9EE8885D1D3CFC9B009808F9 /* Release */,
			);
			defaultConfigurationIsVisible = 0;
			defaultConfigurationName = Release;
		};
		9EE8885E1D3CFC9B009808F9 /* Build configuration list for PBXNativeTarget "UITableVIewTests" */ = {
			isa = XCConfigurationList;
			buildConfigurations = (
				9EE8885F1D3CFC9B009808F9 /* Debug */,
				9EE888601D3CFC9B009808F9 /* Release */,
			);
			defaultConfigurationIsVisible = 0;
			defaultConfigurationName = Release;
		};
/* End XCConfigurationList section */
	};
	rootObject = 9EE888361D3CFC9B009808F9 /* Project object */;
}
